
Microsoft Visual Studio Solution File, Format Version 12.00
# Visual Studio Version 17
VisualStudioVersion = 17.14.36310.24 d17.14
MinimumVisualStudioVersion = 10.0.40219.1
Project("{FAE04EC0-301F-11D3-BF4B-00C04F79EFBC}") = "Json_Project", "Json_Project\Json_Project.csproj", "{CFCDAEDF-141F-4C67-A482-472C3DD65302}"
EndProject
Global
	GlobalSection(SolutionConfigurationPlatforms) = preSolution
		Debug|Any CPU = Debug|Any CPU
		Release|Any CPU = Release|Any CPU
	EndGlobalSection
	GlobalSection(ProjectConfigurationPlatforms) = postSolution
		{CFCDAEDF-141F-4C67-A482-472C3DD65302}.Debug|Any CPU.ActiveCfg = Debug|Any CPU
		{CFCDAEDF-141F-4C67-A482-472C3DD65302}.Debug|Any CPU.Build.0 = Debug|Any CPU
		{CFCDAEDF-141F-4C67-A482-472C3DD65302}.Release|Any CPU.ActiveCfg = Release|Any CPU
		{CFCDAEDF-141F-4C67-A482-472C3DD65302}.Release|Any CPU.Build.0 = Release|Any CPU
	EndGlobalSection
	GlobalSection(SolutionProperties) = preSolution
		HideSolutionNode = FALSE
	EndGlobalSection
	GlobalSection(ExtensibilityGlobals) = postSolution
		SolutionGuid = {5DEDC1EB-98FA-462B-BAC7-4FEB3EE74E54}
	EndGlobalSection
EndGlobal
